
Microsoft Visual Studio Solution File, Format Version 12.00
# Visual Studio Version 17
VisualStudioVersion = 17.5.33424.131
MinimumVisualStudioVersion = 10.0.40219.1
Project("{FAE04EC0-301F-11D3-BF4B-00C04F79EFBC}") = "BlazorFullStackCrud.Server", "BlazorFullStackCrud\Server\BlazorFullStackCrud.Server.csproj", "{FFDDB34E-5C1C-4245-ADD5-DB458520733B}"
EndProject
Project("{FAE04EC0-301F-11D3-BF4B-00C04F79EFBC}") = "BlazorFullStackCrud.Client", "BlazorFullStackCrud\Client\BlazorFullStackCrud.Client.csproj", "{618B1053-7AC2-48CB-9E38-92741E61261E}"
EndProject
Project("{FAE04EC0-301F-11D3-BF4B-00C04F79EFBC}") = "BlazorFullStackCrud.Shared", "BlazorFullStackCrud\Shared\BlazorFullStackCrud.Shared.csproj", "{FD4B82F7-B702-4256-97DB-882081F0D12D}"
EndProject
Global
	GlobalSection(SolutionConfigurationPlatforms) = preSolution
		Debug|Any CPU = Debug|Any CPU
		Release|Any CPU = Release|Any CPU
	EndGlobalSection
	GlobalSection(ProjectConfigurationPlatforms) = postSolution
		{FFDDB34E-5C1C-4245-ADD5-DB458520733B}.Debug|Any CPU.ActiveCfg = Debug|Any CPU
		{FFDDB34E-5C1C-4245-ADD5-DB458520733B}.Debug|Any CPU.Build.0 = Debug|Any CPU
		{FFDDB34E-5C1C-4245-ADD5-DB458520733B}.Release|Any CPU.ActiveCfg = Release|Any CPU
		{FFDDB34E-5C1C-4245-ADD5-DB458520733B}.Release|Any CPU.Build.0 = Release|Any CPU
		{618B1053-7AC2-48CB-9E38-92741E61261E}.Debug|Any CPU.ActiveCfg = Debug|Any CPU
		{618B1053-7AC2-48CB-9E38-92741E61261E}.Debug|Any CPU.Build.0 = Debug|Any CPU
		{618B1053-7AC2-48CB-9E38-92741E61261E}.Release|Any CPU.ActiveCfg = Release|Any CPU
		{618B1053-7AC2-48CB-9E38-92741E61261E}.Release|Any CPU.Build.0 = Release|Any CPU
		{FD4B82F7-B702-4256-97DB-882081F0D12D}.Debug|Any CPU.ActiveCfg = Debug|Any CPU
		{FD4B82F7-B702-4256-97DB-882081F0D12D}.Debug|Any CPU.Build.0 = Debug|Any CPU
		{FD4B82F7-B702-4256-97DB-882081F0D12D}.Release|Any CPU.ActiveCfg = Release|Any CPU
		{FD4B82F7-B702-4256-97DB-882081F0D12D}.Release|Any CPU.Build.0 = Release|Any CPU
	EndGlobalSection
	GlobalSection(SolutionProperties) = preSolution
		HideSolutionNode = FALSE
	EndGlobalSection
	GlobalSection(ExtensibilityGlobals) = postSolution
		SolutionGuid = {4CD5F254-79DB-4EFF-9A3B-2A380E6FBF77}
	EndGlobalSection
EndGlobal
